{
  "name": "theme_package",
  "version": "1.0.0",
  "lockfileVersion": 2,
  "requires": true,
  "packages": {
    "": {
      "name": "theme_package",
      "version": "1.0.0",
      "license": "ISC",
      "dependencies": {
        "@fancyapps/ui": "^6.0.0",
        "@popperjs/core": "^2.11",
        "bootstrap": "^5"
      }
    },
    "node_modules/@fancyapps/ui": {
      "version": "6.1.7",
      "resolved": "https://registry.npmjs.org/@fancyapps/ui/-/ui-6.1.7.tgz",
      "integrity": "sha512-KHOvuy90JBFDgbNa2V1N9Jg7PE/lSQMXN9VbhR+WQSIxIEi4PV7kndeao7ezir5WeJ8OZRyDelNKJVLicXfBIg=="
    },
    "node_modules/@popperjs/core": {
      "version": "2.11.6",
      "resolved": "https://registry.npmjs.org/@popperjs/core/-/core-2.11.6.tgz",
      "integrity": "sha512-50/17A98tWUfQ176raKiOGXuYpLyyVMkxxG6oylzL3BPOlA6ADGdK7EYunSa4I064xerltq9TGXs8HmOk5E+vw==",
      "funding": {
        "type": "opencollective",
        "url": "https://opencollective.com/popperjs"
      }
    },
    "node_modules/bootstrap": {
      "version": "5.2.3",
      "resolved": "https://registry.npmjs.org/bootstrap/-/bootstrap-5.2.3.tgz",
      "integrity": "sha512-cEKPM+fwb3cT8NzQZYEu4HilJ3anCrWqh3CHAok1p9jXqMPsPTBhU25fBckEJHJ/p+tTxTFTsFQGM+gaHpi3QQ==",
      "funding": [
        {
          "type": "github",
          "url": "https://github.com/sponsors/twbs"
        },
        {
          "type": "opencollective",
          "url": "https://opencollective.com/bootstrap"
        }
      ],
      "peerDependencies": {
        "@popperjs/core": "^2.11.6"
      }
    }
  },
  "dependencies": {
    "@fancyapps/ui": {
      "version": "6.1.7",
      "resolved": "https://registry.npmjs.org/@fancyapps/ui/-/ui-6.1.7.tgz",
      "integrity": "sha512-KHOvuy90JBFDgbNa2V1N9Jg7PE/lSQMXN9VbhR+WQSIxIEi4PV7kndeao7ezir5WeJ8OZRyDelNKJVLicXfBIg=="
    },
    "@popperjs/core": {
      "version": "2.11.6",
      "resolved": "https://registry.npmjs.org/@popperjs/core/-/core-2.11.6.tgz",
      "integrity": "sha512-50/17A98tWUfQ176raKiOGXuYpLyyVMkxxG6oylzL3BPOlA6ADGdK7EYunSa4I064xerltq9TGXs8HmOk5E+vw=="
    },
    "bootstrap": {
      "version": "5.2.3",
      "resolved": "https://registry.npmjs.org/bootstrap/-/bootstrap-5.2.3.tgz",
      "integrity": "sha512-cEKPM+fwb3cT8NzQZYEu4HilJ3anCrWqh3CHAok1p9jXqMPsPTBhU25fBckEJHJ/p+tTxTFTsFQGM+gaHpi3QQ==",
      "requires": {}
    }
  }
}
